
Microsoft Visual Studio Solution File, Format Version 12.00
# Visual Studio Version 17
VisualStudioVersion = 17.2.32516.85
MinimumVisualStudioVersion = 10.0.40219.1
Project("{9A19103F-16F7-4668-BE54-9A1E7A4F7556}") = "Breath of the Wild Multiplayer", "Breath of the Wild Multiplayer.csproj", "{5585E99D-C468-49DE-A0F6-C4C48C697EC9}"
EndProject
Project("{9A19103F-16F7-4668-BE54-9A1E7A4F7556}") = "Autoupdater", "..\Autoupdater\Autoupdater.csproj", "{BBAB51B1-33C0-4756-A7C2-BA4D85BE2351}"
EndProject
Project("{FAE04EC0-301F-11D3-BF4B-00C04F79EFBC}") = "SarcWrapper", "..\SarcWrapper\SarcWrapper.csproj", "{F335C0C5-535A-471E-85E3-4D5AE870C8F5}"
EndProject
Global
	GlobalSection(SolutionConfigurationPlatforms) = preSolution
		Debug|Any CPU = Debug|Any CPU
		Release|Any CPU = Release|Any CPU
	EndGlobalSection
	GlobalSection(ProjectConfigurationPlatforms) = postSolution
		{5585E99D-C468-49DE-A0F6-C4C48C697EC9}.Debug|Any CPU.ActiveCfg = Debug|Any CPU
		{5585E99D-C468-49DE-A0F6-C4C48C697EC9}.Debug|Any CPU.Build.0 = Debug|Any CPU
		{5585E99D-C468-49DE-A0F6-C4C48C697EC9}.Release|Any CPU.ActiveCfg = Release|Any CPU
		{5585E99D-C468-49DE-A0F6-C4C48C697EC9}.Release|Any CPU.Build.0 = Release|Any CPU
		{BBAB51B1-33C0-4756-A7C2-BA4D85BE2351}.Debug|Any CPU.ActiveCfg = Debug|Any CPU
		{BBAB51B1-33C0-4756-A7C2-BA4D85BE2351}.Debug|Any CPU.Build.0 = Debug|Any CPU
		{BBAB51B1-33C0-4756-A7C2-BA4D85BE2351}.Release|Any CPU.ActiveCfg = Release|Any CPU
		{BBAB51B1-33C0-4756-A7C2-BA4D85BE2351}.Release|Any CPU.Build.0 = Release|Any CPU
		{F335C0C5-535A-471E-85E3-4D5AE870C8F5}.Debug|Any CPU.ActiveCfg = Debug|Any CPU
		{F335C0C5-535A-471E-85E3-4D5AE870C8F5}.Debug|Any CPU.Build.0 = Debug|Any CPU
		{F335C0C5-535A-471E-85E3-4D5AE870C8F5}.Release|Any CPU.ActiveCfg = Release|Any CPU
		{F335C0C5-535A-471E-85E3-4D5AE870C8F5}.Release|Any CPU.Build.0 = Release|Any CPU
	EndGlobalSection
	GlobalSection(SolutionProperties) = preSolution
		HideSolutionNode = FALSE
	EndGlobalSection
	GlobalSection(ExtensibilityGlobals) = postSolution
		SolutionGuid = {8BB3FBC1-0FD2-4F69-9503-EBA9FE9D88C1}
	EndGlobalSection
EndGlobal
